
Microsoft Visual Studio Solution File, Format Version 12.00
# Visual Studio Version 17
VisualStudioVersion = 17.5.33516.290
MinimumVisualStudioVersion = 10.0.40219.1
Project("{2150E333-8FDC-42A3-9474-1A3956D46DE8}") = "services", "services", "{53CAB7FC-1049-48BB-90CE-B8E68C687926}"
EndProject
Project("{9A19103F-16F7-4668-BE54-9A1E7A4F7556}") = "Catalog.API", "Services\Catalog\Catalog.API\Catalog.API.csproj", "{64EC65DC-F1F3-4F0A-9E86-95C8D97CC354}"
EndProject
Project("{2150E333-8FDC-42A3-9474-1A3956D46DE8}") = "Solution Items", "Solution Items", "{C9AC5A33-3D75-4755-B96C-BEF5D964ECF7}"
	ProjectSection(SolutionItems) = preProject
		.editorconfig = .editorconfig
	EndProjectSection
EndProject
Project("{2150E333-8FDC-42A3-9474-1A3956D46DE8}") = "Catalog", "Catalog", "{439E5CE5-E81F-434C-8F9C-6F4792F5DEDB}"
EndProject
Project("{9A19103F-16F7-4668-BE54-9A1E7A4F7556}") = "Catalog.Entities", "Services\Catalog\Catalog.Entities\Catalog.Entities.csproj", "{A4544519-16CB-4037-B596-17087905718B}"
EndProject
Project("{9A19103F-16F7-4668-BE54-9A1E7A4F7556}") = "Catalog.Data", "Services\Catalog\Catalog.Data\Catalog.Data.csproj", "{5A252E98-896D-42A7-882E-24F30B57CCC4}"
EndProject
Project("{9A19103F-16F7-4668-BE54-9A1E7A4F7556}") = "Catalog.Business", "Services\Catalog\Catalog.Business\Catalog.Business.csproj", "{3E7F150E-7D59-4153-990B-F84F8F2E4032}"
EndProject
Project("{FAE04EC0-301F-11D3-BF4B-00C04F79EFBC}") = "Catalog.Business.Tests", "Services\Catalog\Catalog.Business.Tests\Catalog.Business.Tests.csproj", "{382A0104-6513-42BA-B39D-5B19DE56B996}"
EndProject
Global
	GlobalSection(SolutionConfigurationPlatforms) = preSolution
		Debug|Any CPU = Debug|Any CPU
		Release|Any CPU = Release|Any CPU
	EndGlobalSection
	GlobalSection(ProjectConfigurationPlatforms) = postSolution
		{64EC65DC-F1F3-4F0A-9E86-95C8D97CC354}.Debug|Any CPU.ActiveCfg = Debug|Any CPU
		{64EC65DC-F1F3-4F0A-9E86-95C8D97CC354}.Debug|Any CPU.Build.0 = Debug|Any CPU
		{64EC65DC-F1F3-4F0A-9E86-95C8D97CC354}.Release|Any CPU.ActiveCfg = Release|Any CPU
		{64EC65DC-F1F3-4F0A-9E86-95C8D97CC354}.Release|Any CPU.Build.0 = Release|Any CPU
		{A4544519-16CB-4037-B596-17087905718B}.Debug|Any CPU.ActiveCfg = Debug|Any CPU
		{A4544519-16CB-4037-B596-17087905718B}.Debug|Any CPU.Build.0 = Debug|Any CPU
		{A4544519-16CB-4037-B596-17087905718B}.Release|Any CPU.ActiveCfg = Release|Any CPU
		{A4544519-16CB-4037-B596-17087905718B}.Release|Any CPU.Build.0 = Release|Any CPU
		{5A252E98-896D-42A7-882E-24F30B57CCC4}.Debug|Any CPU.ActiveCfg = Debug|Any CPU
		{5A252E98-896D-42A7-882E-24F30B57CCC4}.Debug|Any CPU.Build.0 = Debug|Any CPU
		{5A252E98-896D-42A7-882E-24F30B57CCC4}.Release|Any CPU.ActiveCfg = Release|Any CPU
		{5A252E98-896D-42A7-882E-24F30B57CCC4}.Release|Any CPU.Build.0 = Release|Any CPU
		{3E7F150E-7D59-4153-990B-F84F8F2E4032}.Debug|Any CPU.ActiveCfg = Debug|Any CPU
		{3E7F150E-7D59-4153-990B-F84F8F2E4032}.Debug|Any CPU.Build.0 = Debug|Any CPU
		{3E7F150E-7D59-4153-990B-F84F8F2E4032}.Release|Any CPU.ActiveCfg = Release|Any CPU
		{3E7F150E-7D59-4153-990B-F84F8F2E4032}.Release|Any CPU.Build.0 = Release|Any CPU
		{382A0104-6513-42BA-B39D-5B19DE56B996}.Debug|Any CPU.ActiveCfg = Debug|Any CPU
		{382A0104-6513-42BA-B39D-5B19DE56B996}.Debug|Any CPU.Build.0 = Debug|Any CPU
		{382A0104-6513-42BA-B39D-5B19DE56B996}.Release|Any CPU.ActiveCfg = Release|Any CPU
		{382A0104-6513-42BA-B39D-5B19DE56B996}.Release|Any CPU.Build.0 = Release|Any CPU
	EndGlobalSection
	GlobalSection(SolutionProperties) = preSolution
		HideSolutionNode = FALSE
	EndGlobalSection
	GlobalSection(NestedProjects) = preSolution
		{64EC65DC-F1F3-4F0A-9E86-95C8D97CC354} = {53CAB7FC-1049-48BB-90CE-B8E68C687926}
		{439E5CE5-E81F-434C-8F9C-6F4792F5DEDB} = {53CAB7FC-1049-48BB-90CE-B8E68C687926}
		{A4544519-16CB-4037-B596-17087905718B} = {439E5CE5-E81F-434C-8F9C-6F4792F5DEDB}
		{5A252E98-896D-42A7-882E-24F30B57CCC4} = {439E5CE5-E81F-434C-8F9C-6F4792F5DEDB}
		{3E7F150E-7D59-4153-990B-F84F8F2E4032} = {439E5CE5-E81F-434C-8F9C-6F4792F5DEDB}
		{382A0104-6513-42BA-B39D-5B19DE56B996} = {439E5CE5-E81F-434C-8F9C-6F4792F5DEDB}
	EndGlobalSection
	GlobalSection(ExtensibilityGlobals) = postSolution
		SolutionGuid = {FC2FD328-3E8D-425F-8677-FBED60E4C039}
	EndGlobalSection
EndGlobal
